
Microsoft Visual Studio Solution File, Format Version 12.00
# Visual Studio 14
VisualStudioVersion = 14.0.25420.1
MinimumVisualStudioVersion = 10.0.40219.1
Project("{FAE04EC0-301F-11D3-BF4B-00C04F79EFBC}") = "HoltWintersUI", "HoltWintersUI\HoltWintersUI.csproj", "{4B9CFD2D-5A98-44AE-A009-385966C61972}"
EndProject
Project("{FAE04EC0-301F-11D3-BF4B-00C04F79EFBC}") = "HoltWintersController", "HoltWintersController\HoltWintersController.csproj", "{DAD6EC37-8EE2-45F8-807B-93FA8656FB3D}"
EndProject
Project("{FAE04EC0-301F-11D3-BF4B-00C04F79EFBC}") = "HoltWintersModel", "FileManager\HoltWintersModel.csproj", "{F94D64A9-2BCC-4238-B382-92AF04D23A0C}"
EndProject
Global
	GlobalSection(SolutionConfigurationPlatforms) = preSolution
		Debug|Any CPU = Debug|Any CPU
		Release|Any CPU = Release|Any CPU
	EndGlobalSection
	GlobalSection(ProjectConfigurationPlatforms) = postSolution
		{4B9CFD2D-5A98-44AE-A009-385966C61972}.Debug|Any CPU.ActiveCfg = Debug|Any CPU
		{4B9CFD2D-5A98-44AE-A009-385966C61972}.Debug|Any CPU.Build.0 = Debug|Any CPU
		{4B9CFD2D-5A98-44AE-A009-385966C61972}.Release|Any CPU.ActiveCfg = Release|Any CPU
		{4B9CFD2D-5A98-44AE-A009-385966C61972}.Release|Any CPU.Build.0 = Release|Any CPU
		{DAD6EC37-8EE2-45F8-807B-93FA8656FB3D}.Debug|Any CPU.ActiveCfg = Debug|Any CPU
		{DAD6EC37-8EE2-45F8-807B-93FA8656FB3D}.Debug|Any CPU.Build.0 = Debug|Any CPU
		{DAD6EC37-8EE2-45F8-807B-93FA8656FB3D}.Release|Any CPU.ActiveCfg = Release|Any CPU
		{DAD6EC37-8EE2-45F8-807B-93FA8656FB3D}.Release|Any CPU.Build.0 = Release|Any CPU
		{F94D64A9-2BCC-4238-B382-92AF04D23A0C}.Debug|Any CPU.ActiveCfg = Debug|Any CPU
		{F94D64A9-2BCC-4238-B382-92AF04D23A0C}.Debug|Any CPU.Build.0 = Debug|Any CPU
		{F94D64A9-2BCC-4238-B382-92AF04D23A0C}.Release|Any CPU.ActiveCfg = Release|Any CPU
		{F94D64A9-2BCC-4238-B382-92AF04D23A0C}.Release|Any CPU.Build.0 = Release|Any CPU
	EndGlobalSection
	GlobalSection(SolutionProperties) = preSolution
		HideSolutionNode = FALSE
	EndGlobalSection
EndGlobal
